<Solution>
  <Folder Name="/Fase-00-Fundamentos-da-Programacao/" />
  <Folder Name="/Fase-00-Fundamentos-da-Programacao/aplicacao.Tests/">
    <Project Path="Fase-00-Fundamentos-da-Programacao/aplicacao.Tests/LogicaEmAcao.Tests.csproj" />
  </Folder>
  <Folder Name="/Fase-00-Fundamentos-da-Programacao/aplicacao/">
    <Project Path="Fase-00-Fundamentos-da-Programacao/aplicacao/LogicaEmAcao.csproj" />
  </Folder>
  <Folder Name="/Fase-01-CSharp-Basico/" />
  <Folder Name="/Fase-01-CSharp-Basico/aplicacao.Tests/">
    <Project Path="Fase-01-CSharp-Basico/aplicacao.Tests/CSharpBasico.Tests.csproj" />
  </Folder>
  <Folder Name="/Fase-01-CSharp-Basico/aplicacao/">
    <Project Path="Fase-01-CSharp-Basico/aplicacao/CSharpBasico.csproj" />
  </Folder>
  <Folder Name="/Fase-02-POO-SOLID/" />
  <Folder Name="/Fase-02-POO-SOLID/aplicacao.Tests/">
    <Project Path="Fase-02-POO-SOLID/aplicacao.Tests/PooSolid.Tests.csproj" />
  </Folder>
  <Folder Name="/Fase-02-POO-SOLID/aplicacao/">
    <Project Path="Fase-02-POO-SOLID/aplicacao/PooSolid.csproj" />
  </Folder>
  <Folder Name="/Fase-03-Colecoes-Linq/" />
  <Folder Name="/Fase-03-Colecoes-Linq/aplicacao.Tests/">
    <Project Path="Fase-03-Colecoes-Linq/aplicacao.Tests/CourseAnalytics.Tests.csproj" />
  </Folder>
  <Folder Name="/Fase-03-Colecoes-Linq/aplicacao/">
    <Project Path="Fase-03-Colecoes-Linq/aplicacao/CourseAnalytics.csproj" />
  </Folder>
</Solution>
