<Solution>
  <Folder Name="/Fase-00-Fundamentos-da-Programacao/" />
  <Folder Name="/Fase-00-Fundamentos-da-Programacao/aplicacao.Tests/">
    <Project Path="Fase-00-Fundamentos-da-Programacao/aplicacao.Tests/LogicaEmAcao.Tests.csproj" />
  </Folder>
  <Folder Name="/Fase-00-Fundamentos-da-Programacao/aplicacao/">
    <Project Path="Fase-00-Fundamentos-da-Programacao/aplicacao/LogicaEmAcao.csproj" />
  </Folder>
</Solution>
